# THIS IS AN AUTOGENERATED FILE. DO NOT EDIT THIS FILE DIRECTLY.
# yarn lockfile v1


"@ge/synchronous-promise@git+https://github.com/episodeyang/synchronous-promise.git#@ge/synchronous-promise":
  version "2.0.3"
  resolved "git+https://github.com/episodeyang/synchronous-promise.git#d9e702778d82f6cd1cb4d1a4c4e2c68ea1ab9df6"

lodash.isplainobject@^4.0.6:
  version "4.0.6"
  resolved "https://registry.yarnpkg.com/lodash.isplainobject/-/lodash.isplainobject-4.0.6.tgz#7c526a52d89b45c45cc690b88163be0497f550cb"

luna-saga@^6.0.0:
  version "6.0.0"
  resolved "https://registry.yarnpkg.com/luna-saga/-/luna-saga-6.0.0.tgz#9737232ad94f150c236aecae12cc8916df4d0d3a"
  dependencies:
    "@ge/synchronous-promise" "git+https://github.com/episodeyang/synchronous-promise.git#@ge/synchronous-promise"
    lodash.isplainobject "^4.0.6"
    setimmediate "^1.0.4"

luna@^1.6.3:
  version "1.6.3"
  resolved "https://registry.yarnpkg.com/luna/-/luna-1.6.3.tgz#e5c32766bb6caf902779583872a12d15ca0b8305"

rxjs@^6.2.1:
  version "6.2.1"
  resolved "https://registry.yarnpkg.com/rxjs/-/rxjs-6.2.1.tgz#246cebec189a6cbc143a3ef9f62d6f4c91813ca1"
  dependencies:
    tslib "^1.9.0"

setimmediate@^1.0.4:
  version "1.0.5"
  resolved "https://registry.yarnpkg.com/setimmediate/-/setimmediate-1.0.5.tgz#290cbb232e306942d7d7ea9b83732ab7856f8285"

tslib@^1.9.0:
  version "1.9.3"
  resolved "https://registry.yarnpkg.com/tslib/-/tslib-1.9.3.tgz#d7e4dd79245d85428c4d7e4822a79917954ca286"
